
Microsoft Visual Studio Solution File, Format Version 12.00
# Visual Studio Version 17
VisualStudioVersion = 17.13.35931.197 d17.13
MinimumVisualStudioVersion = 10.0.40219.1
Project("{FAE04EC0-301F-11D3-BF4B-00C04F79EFBC}") = "ScriptExecutor", "ScriptExecutor\ScriptExecutor.csproj", "{793A391A-8C51-874B-0086-7070BA78DF20}"
EndProject
Project("{FAE04EC0-301F-11D3-BF4B-00C04F79EFBC}") = "ScriptExecutor.Desktop", "ScriptExecutor.Desktop\ScriptExecutor.Desktop.csproj", "{BDC13C7F-BFDF-CA6E-DA2E-36E6DE3FA3C4}"
EndProject
Project("{FAE04EC0-301F-11D3-BF4B-00C04F79EFBC}") = "ScriptExecutor.Application", "ScriptExecutor.Application\ScriptExecutor.Application.csproj", "{EB8C362C-2CBC-8BE8-248D-46E634419F1F}"
EndProject
Project("{FAE04EC0-301F-11D3-BF4B-00C04F79EFBC}") = "ScriptExecutor.Domain", "ScriptExecutor.Domain\ScriptExecutor.Domain.csproj", "{F176DF6E-7489-C506-A555-26667ABD8689}"
EndProject
Project("{FAE04EC0-301F-11D3-BF4B-00C04F79EFBC}") = "ScriptExecutor.Infrastrucuture", "ScriptExecutor.Infrastrucuture\ScriptExecutor.Infrastrucuture.csproj", "{5EC68652-ECAF-F364-EBCF-FA7ACE1E5E47}"
EndProject
Global
	GlobalSection(SolutionConfigurationPlatforms) = preSolution
		Debug|Any CPU = Debug|Any CPU
		Release|Any CPU = Release|Any CPU
	EndGlobalSection
	GlobalSection(ProjectConfigurationPlatforms) = postSolution
		{793A391A-8C51-874B-0086-7070BA78DF20}.Debug|Any CPU.ActiveCfg = Debug|Any CPU
		{793A391A-8C51-874B-0086-7070BA78DF20}.Debug|Any CPU.Build.0 = Debug|Any CPU
		{793A391A-8C51-874B-0086-7070BA78DF20}.Release|Any CPU.ActiveCfg = Release|Any CPU
		{793A391A-8C51-874B-0086-7070BA78DF20}.Release|Any CPU.Build.0 = Release|Any CPU
		{BDC13C7F-BFDF-CA6E-DA2E-36E6DE3FA3C4}.Debug|Any CPU.ActiveCfg = Debug|Any CPU
		{BDC13C7F-BFDF-CA6E-DA2E-36E6DE3FA3C4}.Debug|Any CPU.Build.0 = Debug|Any CPU
		{BDC13C7F-BFDF-CA6E-DA2E-36E6DE3FA3C4}.Release|Any CPU.ActiveCfg = Release|Any CPU
		{BDC13C7F-BFDF-CA6E-DA2E-36E6DE3FA3C4}.Release|Any CPU.Build.0 = Release|Any CPU
		{EB8C362C-2CBC-8BE8-248D-46E634419F1F}.Debug|Any CPU.ActiveCfg = Debug|Any CPU
		{EB8C362C-2CBC-8BE8-248D-46E634419F1F}.Debug|Any CPU.Build.0 = Debug|Any CPU
		{EB8C362C-2CBC-8BE8-248D-46E634419F1F}.Release|Any CPU.ActiveCfg = Release|Any CPU
		{EB8C362C-2CBC-8BE8-248D-46E634419F1F}.Release|Any CPU.Build.0 = Release|Any CPU
		{F176DF6E-7489-C506-A555-26667ABD8689}.Debug|Any CPU.ActiveCfg = Debug|Any CPU
		{F176DF6E-7489-C506-A555-26667ABD8689}.Debug|Any CPU.Build.0 = Debug|Any CPU
		{F176DF6E-7489-C506-A555-26667ABD8689}.Release|Any CPU.ActiveCfg = Release|Any CPU
		{F176DF6E-7489-C506-A555-26667ABD8689}.Release|Any CPU.Build.0 = Release|Any CPU
		{5EC68652-ECAF-F364-EBCF-FA7ACE1E5E47}.Debug|Any CPU.ActiveCfg = Debug|Any CPU
		{5EC68652-ECAF-F364-EBCF-FA7ACE1E5E47}.Debug|Any CPU.Build.0 = Debug|Any CPU
		{5EC68652-ECAF-F364-EBCF-FA7ACE1E5E47}.Release|Any CPU.ActiveCfg = Release|Any CPU
		{5EC68652-ECAF-F364-EBCF-FA7ACE1E5E47}.Release|Any CPU.Build.0 = Release|Any CPU
	EndGlobalSection
	GlobalSection(SolutionProperties) = preSolution
		HideSolutionNode = FALSE
	EndGlobalSection
	GlobalSection(ExtensibilityGlobals) = postSolution
		SolutionGuid = {D6FAF18B-6AFB-4C06-9CC4-227C488D92AF}
	EndGlobalSection
EndGlobal
