
Microsoft Visual Studio Solution File, Format Version 12.00
# Visual Studio Version 17
VisualStudioVersion = 17.13.35919.96
MinimumVisualStudioVersion = 10.0.40219.1
Project("{FAE04EC0-301F-11D3-BF4B-00C04F79EFBC}") = "ScriptExecutor.Domain", "ScriptExecutor.Domain\ScriptExecutor.Domain.csproj", "{29293F81-4C97-465C-A8A9-A348054B47E6}"
EndProject
Project("{FAE04EC0-301F-11D3-BF4B-00C04F79EFBC}") = "ScriptExecutor.Infrastrucuture", "ScriptExecutor.Infrastrucuture\ScriptExecutor.Infrastrucuture.csproj", "{4181F0C4-0BF0-4796-BE0B-4F2786F2EE0C}"
EndProject
Project("{FAE04EC0-301F-11D3-BF4B-00C04F79EFBC}") = "ScriptExecutor.Application", "ScriptExecutor.Application\ScriptExecutor.Application.csproj", "{40EB0DBE-2BD6-4434-81C2-3B166D3583CF}"
EndProject
Global
	GlobalSection(SolutionConfigurationPlatforms) = preSolution
		All|Any CPU = All|Any CPU
		Debug|Any CPU = Debug|Any CPU
		DefaultBuild|Any CPU = DefaultBuild|Any CPU
		Release|Any CPU = Release|Any CPU
	EndGlobalSection
	GlobalSection(ProjectConfigurationPlatforms) = postSolution
		{29293F81-4C97-465C-A8A9-A348054B47E6}.All|Any CPU.ActiveCfg = Debug|Any CPU
		{29293F81-4C97-465C-A8A9-A348054B47E6}.All|Any CPU.Build.0 = Debug|Any CPU
		{29293F81-4C97-465C-A8A9-A348054B47E6}.Debug|Any CPU.ActiveCfg = Debug|Any CPU
		{29293F81-4C97-465C-A8A9-A348054B47E6}.Debug|Any CPU.Build.0 = Debug|Any CPU
		{29293F81-4C97-465C-A8A9-A348054B47E6}.DefaultBuild|Any CPU.ActiveCfg = Release|Any CPU
		{29293F81-4C97-465C-A8A9-A348054B47E6}.DefaultBuild|Any CPU.Build.0 = Release|Any CPU
		{29293F81-4C97-465C-A8A9-A348054B47E6}.Release|Any CPU.ActiveCfg = Release|Any CPU
		{29293F81-4C97-465C-A8A9-A348054B47E6}.Release|Any CPU.Build.0 = Release|Any CPU
		{4181F0C4-0BF0-4796-BE0B-4F2786F2EE0C}.All|Any CPU.ActiveCfg = Debug|Any CPU
		{4181F0C4-0BF0-4796-BE0B-4F2786F2EE0C}.All|Any CPU.Build.0 = Debug|Any CPU
		{4181F0C4-0BF0-4796-BE0B-4F2786F2EE0C}.Debug|Any CPU.ActiveCfg = Debug|Any CPU
		{4181F0C4-0BF0-4796-BE0B-4F2786F2EE0C}.Debug|Any CPU.Build.0 = Debug|Any CPU
		{4181F0C4-0BF0-4796-BE0B-4F2786F2EE0C}.DefaultBuild|Any CPU.ActiveCfg = Release|Any CPU
		{4181F0C4-0BF0-4796-BE0B-4F2786F2EE0C}.DefaultBuild|Any CPU.Build.0 = Release|Any CPU
		{4181F0C4-0BF0-4796-BE0B-4F2786F2EE0C}.Release|Any CPU.ActiveCfg = Release|Any CPU
		{4181F0C4-0BF0-4796-BE0B-4F2786F2EE0C}.Release|Any CPU.Build.0 = Release|Any CPU
		{40EB0DBE-2BD6-4434-81C2-3B166D3583CF}.All|Any CPU.ActiveCfg = Debug|Any CPU
		{40EB0DBE-2BD6-4434-81C2-3B166D3583CF}.All|Any CPU.Build.0 = Debug|Any CPU
		{40EB0DBE-2BD6-4434-81C2-3B166D3583CF}.Debug|Any CPU.ActiveCfg = Debug|Any CPU
		{40EB0DBE-2BD6-4434-81C2-3B166D3583CF}.Debug|Any CPU.Build.0 = Debug|Any CPU
		{40EB0DBE-2BD6-4434-81C2-3B166D3583CF}.DefaultBuild|Any CPU.ActiveCfg = Release|Any CPU
		{40EB0DBE-2BD6-4434-81C2-3B166D3583CF}.DefaultBuild|Any CPU.Build.0 = Release|Any CPU
		{40EB0DBE-2BD6-4434-81C2-3B166D3583CF}.Release|Any CPU.ActiveCfg = Release|Any CPU
		{40EB0DBE-2BD6-4434-81C2-3B166D3583CF}.Release|Any CPU.Build.0 = Release|Any CPU
	EndGlobalSection
	GlobalSection(SolutionProperties) = preSolution
		HideSolutionNode = FALSE
	EndGlobalSection
	GlobalSection(ExtensibilityGlobals) = postSolution
		SolutionGuid = {EF6B4CCD-9FA3-466E-B558-FEB528A6C0BD}
	EndGlobalSection
EndGlobal
