
Microsoft Visual Studio Solution File, Format Version 12.00
# Visual Studio Version 17
VisualStudioVersion = 17.13.35931.197 d17.13
MinimumVisualStudioVersion = 10.0.40219.1
Project("{FAE04EC0-301F-11D3-BF4B-00C04F79EFBC}") = "ScriptExecutor", "ScriptExecutor\ScriptExecutor.csproj", "{5352C139-3436-4C45-B7D1-F2C387E89D7E}"
EndProject
Project("{FAE04EC0-301F-11D3-BF4B-00C04F79EFBC}") = "ScriptExecutor.Application", "..\ScriptExecutor.Application\ScriptExecutor.Application.csproj", "{379C45E4-4191-A39D-83B4-C903EBD7AED9}"
EndProject
Project("{FAE04EC0-301F-11D3-BF4B-00C04F79EFBC}") = "ScriptExecutor.Domain", "..\ScriptExecutor.Domain\ScriptExecutor.Domain.csproj", "{8037AEF4-FA7A-A8F6-F0C9-A8B1B3E28CBF}"
EndProject
Project("{FAE04EC0-301F-11D3-BF4B-00C04F79EFBC}") = "ScriptExecutor.Infrastrucuture", "..\ScriptExecutor.Infrastrucuture\ScriptExecutor.Infrastrucuture.csproj", "{61BB309B-64EF-2E27-4036-8B7DC2549F57}"
EndProject
Global
	GlobalSection(SolutionConfigurationPlatforms) = preSolution
		Debug|Any CPU = Debug|Any CPU
		Release|Any CPU = Release|Any CPU
	EndGlobalSection
	GlobalSection(ProjectConfigurationPlatforms) = postSolution
		{5352C139-3436-4C45-B7D1-F2C387E89D7E}.Debug|Any CPU.ActiveCfg = Debug|Any CPU
		{5352C139-3436-4C45-B7D1-F2C387E89D7E}.Debug|Any CPU.Build.0 = Debug|Any CPU
		{5352C139-3436-4C45-B7D1-F2C387E89D7E}.Release|Any CPU.ActiveCfg = Release|Any CPU
		{5352C139-3436-4C45-B7D1-F2C387E89D7E}.Release|Any CPU.Build.0 = Release|Any CPU
		{379C45E4-4191-A39D-83B4-C903EBD7AED9}.Debug|Any CPU.ActiveCfg = Debug|Any CPU
		{379C45E4-4191-A39D-83B4-C903EBD7AED9}.Debug|Any CPU.Build.0 = Debug|Any CPU
		{379C45E4-4191-A39D-83B4-C903EBD7AED9}.Release|Any CPU.ActiveCfg = Release|Any CPU
		{379C45E4-4191-A39D-83B4-C903EBD7AED9}.Release|Any CPU.Build.0 = Release|Any CPU
		{8037AEF4-FA7A-A8F6-F0C9-A8B1B3E28CBF}.Debug|Any CPU.ActiveCfg = Debug|Any CPU
		{8037AEF4-FA7A-A8F6-F0C9-A8B1B3E28CBF}.Debug|Any CPU.Build.0 = Debug|Any CPU
		{8037AEF4-FA7A-A8F6-F0C9-A8B1B3E28CBF}.Release|Any CPU.ActiveCfg = Release|Any CPU
		{8037AEF4-FA7A-A8F6-F0C9-A8B1B3E28CBF}.Release|Any CPU.Build.0 = Release|Any CPU
		{61BB309B-64EF-2E27-4036-8B7DC2549F57}.Debug|Any CPU.ActiveCfg = Debug|Any CPU
		{61BB309B-64EF-2E27-4036-8B7DC2549F57}.Debug|Any CPU.Build.0 = Debug|Any CPU
		{61BB309B-64EF-2E27-4036-8B7DC2549F57}.Release|Any CPU.ActiveCfg = Release|Any CPU
		{61BB309B-64EF-2E27-4036-8B7DC2549F57}.Release|Any CPU.Build.0 = Release|Any CPU
	EndGlobalSection
	GlobalSection(SolutionProperties) = preSolution
		HideSolutionNode = FALSE
	EndGlobalSection
	GlobalSection(ExtensibilityGlobals) = postSolution
		SolutionGuid = {4937502F-BFA4-4A4C-A979-E2DAC4FBCABB}
	EndGlobalSection
EndGlobal
