
Microsoft Visual Studio Solution File, Format Version 12.00
# Visual Studio Version 16
VisualStudioVersion = 16.0.30330.147
MinimumVisualStudioVersion = 10.0.40219.1
Project("{FAE04EC0-301F-11D3-BF4B-00C04F79EFBC}") = "GameSaveBackup", "GameSaveBackup\GameSaveBackup.csproj", "{DAC58F1A-CCEE-4642-95B6-C69096FB9052}"
EndProject
Global
	GlobalSection(SolutionConfigurationPlatforms) = preSolution
		Debug|Any CPU = Debug|Any CPU
		Release|Any CPU = Release|Any CPU
	EndGlobalSection
	GlobalSection(ProjectConfigurationPlatforms) = postSolution
		{DAC58F1A-CCEE-4642-95B6-C69096FB9052}.Debug|Any CPU.ActiveCfg = Debug|Any CPU
		{DAC58F1A-CCEE-4642-95B6-C69096FB9052}.Debug|Any CPU.Build.0 = Debug|Any CPU
		{DAC58F1A-CCEE-4642-95B6-C69096FB9052}.Release|Any CPU.ActiveCfg = Release|Any CPU
		{DAC58F1A-CCEE-4642-95B6-C69096FB9052}.Release|Any CPU.Build.0 = Release|Any CPU
	EndGlobalSection
	GlobalSection(SolutionProperties) = preSolution
		HideSolutionNode = FALSE
	EndGlobalSection
	GlobalSection(ExtensibilityGlobals) = postSolution
		SolutionGuid = {2056EEA9-1C3F-42E2-8B8C-DB29A401E192}
	EndGlobalSection
EndGlobal
